// !$*UTF8*$!
{
	archiveVersion = 1;
	classes = {
	};
	objectVersion = 46;
	objects = {

/* Begin PBXBuildFile section */
		3B2D78881CDAA59900AD45BA /* AppDelegate.swift in Sources */ = {isa = PBXBuildFile; fileRef = 3B2D78871CDAA59900AD45BA /* AppDelegate.swift */; };
		3B2D788A1CDAA59900AD45BA /* ViewController.swift in Sources */ = {isa = PBXBuildFile; fileRef = 3B2D78891CDAA59900AD45BA /* ViewController.swift */; };
		3B2D788D1CDAA59900AD45BA /* Main.storyboard in Resources */ = {isa = PBXBuildFile; fileRef = 3B2D788B1CDAA59900AD45BA /* Main.storyboard */; };
		3B2D788F1CDAA59900AD45BA /* Assets.xcassets in Resources */ = {isa = PBXBuildFile; fileRef = 3B2D788E1CDAA59900AD45BA /* Assets.xcassets */; };
		3B2D78921CDAA59900AD45BA /* LaunchScreen.storyboard in Resources */ = {isa = PBXBuildFile; fileRef = 3B2D78901CDAA59900AD45BA /* LaunchScreen.storyboard */; };
		3B2D789A1CDAA7C100AD45BA /* pokemon.csv in Resources */ = {isa = PBXBuildFile; fileRef = 3B2D78991CDAA7C100AD45BA /* pokemon.csv */; };
		3B2D789F1CDAA94E00AD45BA /* Pokemon.swift in Sources */ = {isa = PBXBuildFile; fileRef = 3B2D789E1CDAA94E00AD45BA /* Pokemon.swift */; };
		3B2D78A21CDAB1DE00AD45BA /* PokeCell.swift in Sources */ = {isa = PBXBuildFile; fileRef = 3B2D78A11CDAB1DE00AD45BA /* PokeCell.swift */; };
		3B2D78A41CDAB9C100AD45BA /* csv.swift in Sources */ = {isa = PBXBuildFile; fileRef = 3B2D78A31CDAB9C100AD45BA /* csv.swift */; };
		3B2D78AD1CDAC24C00AD45BA /* pokemon.ttf in Resources */ = {isa = PBXBuildFile; fileRef = 3B2D78AC1CDAC24C00AD45BA /* pokemon.ttf */; };
		3B2D78AF1CDAC3BC00AD45BA /* music.mp3 in Resources */ = {isa = PBXBuildFile; fileRef = 3B2D78AE1CDAC3BC00AD45BA /* music.mp3 */; };
/* End PBXBuildFile section */

/* Begin PBXFileReference section */
		3B2D78841CDAA59900AD45BA /* pocketmon.app */ = {isa = PBXFileReference; explicitFileType = wrapper.application; includeInIndex = 0; path = pocketmon.app; sourceTree = BUILT_PRODUCTS_DIR; };
		3B2D78871CDAA59900AD45BA /* AppDelegate.swift */ = {isa = PBXFileReference; lastKnownFileType = sourcecode.swift; path = AppDelegate.swift; sourceTree = "<group>"; };
		3B2D78891CDAA59900AD45BA /* ViewController.swift */ = {isa = PBXFileReference; lastKnownFileType = sourcecode.swift; path = ViewController.swift; sourceTree = "<group>"; };
		3B2D788C1CDAA59900AD45BA /* Base */ = {isa = PBXFileReference; lastKnownFileType = file.storyboard; name = Base; path = Base.lproj/Main.storyboard; sourceTree = "<group>"; };
		3B2D788E1CDAA59900AD45BA /* Assets.xcassets */ = {isa = PBXFileReference; lastKnownFileType = folder.assetcatalog; path = Assets.xcassets; sourceTree = "<group>"; };
		3B2D78911CDAA59900AD45BA /* Base */ = {isa = PBXFileReference; lastKnownFileType = file.storyboard; name = Base; path = Base.lproj/LaunchScreen.storyboard; sourceTree = "<group>"; };
		3B2D78931CDAA59900AD45BA /* Info.plist */ = {isa = PBXFileReference; lastKnownFileType = text.plist.xml; path = Info.plist; sourceTree = "<group>"; };
		3B2D78991CDAA7C100AD45BA /* pokemon.csv */ = {isa = PBXFileReference; fileEncoding = 4; lastKnownFileType = text; path = pokemon.csv; sourceTree = "<group>"; };
		3B2D789E1CDAA94E00AD45BA /* Pokemon.swift */ = {isa = PBXFileReference; fileEncoding = 4; lastKnownFileType = sourcecode.swift; path = Pokemon.swift; sourceTree = "<group>"; };
		3B2D78A11CDAB1DE00AD45BA /* PokeCell.swift */ = {isa = PBXFileReference; fileEncoding = 4; lastKnownFileType = sourcecode.swift; path = PokeCell.swift; sourceTree = "<group>"; };
		3B2D78A31CDAB9C100AD45BA /* csv.swift */ = {isa = PBXFileReference; fileEncoding = 4; lastKnownFileType = sourcecode.swift; path = csv.swift; sourceTree = "<group>"; };
		3B2D78AC1CDAC24C00AD45BA /* pokemon.ttf */ = {isa = PBXFileReference; lastKnownFileType = file; path = pokemon.ttf; sourceTree = "<group>"; };
		3B2D78AE1CDAC3BC00AD45BA /* music.mp3 */ = {isa = PBXFileReference; lastKnownFileType = audio.mp3; path = music.mp3; sourceTree = "<group>"; };
/* End PBXFileReference section */

/* Begin PBXFrameworksBuildPhase section */
		3B2D78811CDAA59900AD45BA /* Frameworks */ = {
			isa = PBXFrameworksBuildPhase;
			buildActionMask = 2147483647;
			files = (
			);
			runOnlyForDeploymentPostprocessing = 0;
		};
/* End PBXFrameworksBuildPhase section */

/* Begin PBXGroup section */
		3B2D787B1CDAA59900AD45BA = {
			isa = PBXGroup;
			children = (
				3B2D78861CDAA59900AD45BA /* pocketmon */,
				3B2D78851CDAA59900AD45BA /* Products */,
			);
			sourceTree = "<group>";
		};
		3B2D78851CDAA59900AD45BA /* Products */ = {
			isa = PBXGroup;
			children = (
				3B2D78841CDAA59900AD45BA /* pocketmon.app */,
			);
			name = Products;
			sourceTree = "<group>";
		};
		3B2D78861CDAA59900AD45BA /* pocketmon */ = {
			isa = PBXGroup;
			children = (
				3B2D789B1CDAA8CA00AD45BA /* Model */,
				3B2D78A01CDAB1A900AD45BA /* View */,
				3B2D78A61CDABA0C00AD45BA /* Contorller */,
				3B2D78A51CDAB9F500AD45BA /* Util */,
				3B2D78A71CDABA2B00AD45BA /* Resources */,
				3B2D78871CDAA59900AD45BA /* AppDelegate.swift */,
				3B2D788B1CDAA59900AD45BA /* Main.storyboard */,
				3B2D788E1CDAA59900AD45BA /* Assets.xcassets */,
				3B2D78901CDAA59900AD45BA /* LaunchScreen.storyboard */,
				3B2D78931CDAA59900AD45BA /* Info.plist */,
			);
			path = pocketmon;
			sourceTree = "<group>";
		};
		3B2D789B1CDAA8CA00AD45BA /* Model */ = {
			isa = PBXGroup;
			children = (
				3B2D789E1CDAA94E00AD45BA /* Pokemon.swift */,
			);
			name = Model;
			sourceTree = "<group>";
		};
		3B2D78A01CDAB1A900AD45BA /* View */ = {
			isa = PBXGroup;
			children = (
				3B2D78A11CDAB1DE00AD45BA /* PokeCell.swift */,
			);
			name = View;
			sourceTree = "<group>";
		};
		3B2D78A51CDAB9F500AD45BA /* Util */ = {
			isa = PBXGroup;
			children = (
				3B2D78AE1CDAC3BC00AD45BA /* music.mp3 */,
				3B2D78AC1CDAC24C00AD45BA /* pokemon.ttf */,
				3B2D78A31CDAB9C100AD45BA /* csv.swift */,
			);
			name = Util;
			sourceTree = "<group>";
		};
		3B2D78A61CDABA0C00AD45BA /* Contorller */ = {
			isa = PBXGroup;
			children = (
				3B2D78891CDAA59900AD45BA /* ViewController.swift */,
			);
			name = Contorller;
			sourceTree = "<group>";
		};
		3B2D78A71CDABA2B00AD45BA /* Resources */ = {
			isa = PBXGroup;
			children = (
				3B2D78991CDAA7C100AD45BA /* pokemon.csv */,
			);
			name = Resources;
			sourceTree = "<group>";
		};
/* End PBXGroup section */

/* Begin PBXNativeTarget section */
		3B2D78831CDAA59900AD45BA /* pocketmon */ = {
			isa = PBXNativeTarget;
			buildConfigurationList = 3B2D78961CDAA59900AD45BA /* Build configuration list for PBXNativeTarget "pocketmon" */;
			buildPhases = (
				3B2D78801CDAA59900AD45BA /* Sources */,
				3B2D78811CDAA59900AD45BA /* Frameworks */,
				3B2D78821CDAA59900AD45BA /* Resources */,
			);
			buildRules = (
			);
			dependencies = (
			);
			name = pocketmon;
			productName = pocketmon;
			productReference = 3B2D78841CDAA59900AD45BA /* pocketmon.app */;
			productType = "com.apple.product-type.application";
		};
/* End PBXNativeTarget section */

/* Begin PBXProject section */
		3B2D787C1CDAA59900AD45BA /* Project object */ = {
			isa = PBXProject;
			attributes = {
				LastSwiftUpdateCheck = 0730;
				LastUpgradeCheck = 0730;
				ORGANIZATIONNAME = Junghoon;
				TargetAttributes = {
					3B2D78831CDAA59900AD45BA = {
						CreatedOnToolsVersion = 7.3.1;
					};
				};
			};
			buildConfigurationList = 3B2D787F1CDAA59900AD45BA /* Build configuration list for PBXProject "pocketmon" */;
			compatibilityVersion = "Xcode 3.2";
			developmentRegion = English;
			hasScannedForEncodings = 0;
			knownRegions = (
				en,
				Base,
			);
			mainGroup = 3B2D787B1CDAA59900AD45BA;
			productRefGroup = 3B2D78851CDAA59900AD45BA /* Products */;
			projectDirPath = "";
			projectRoot = "";
			targets = (
				3B2D78831CDAA59900AD45BA /* pocketmon */,
			);
		};
/* End PBXProject section */

/* Begin PBXResourcesBuildPhase section */
		3B2D78821CDAA59900AD45BA /* Resources */ = {
			isa = PBXResourcesBuildPhase;
			buildActionMask = 2147483647;
			files = (
				3B2D78921CDAA59900AD45BA /* LaunchScreen.storyboard in Resources */,
				3B2D788F1CDAA59900AD45BA /* Assets.xcassets in Resources */,
				3B2D78AF1CDAC3BC00AD45BA /* music.mp3 in Resources */,
				3B2D789A1CDAA7C100AD45BA /* pokemon.csv in Resources */,
				3B2D788D1CDAA59900AD45BA /* Main.storyboard in Resources */,
				3B2D78AD1CDAC24C00AD45BA /* pokemon.ttf in Resources */,
			);
			runOnlyForDeploymentPostprocessing = 0;
		};
/* End PBXResourcesBuildPhase section */

/* Begin PBXSourcesBuildPhase section */
		3B2D78801CDAA59900AD45BA /* Sources */ = {
			isa = PBXSourcesBuildPhase;
			buildActionMask = 2147483647;
			files = (
				3B2D78A21CDAB1DE00AD45BA /* PokeCell.swift in Sources */,
				3B2D788A1CDAA59900AD45BA /* ViewController.swift in Sources */,
				3B2D78881CDAA59900AD45BA /* AppDelegate.swift in Sources */,
				3B2D789F1CDAA94E00AD45BA /* Pokemon.swift in Sources */,
				3B2D78A41CDAB9C100AD45BA /* csv.swift in Sources */,
			);
			runOnlyForDeploymentPostprocessing = 0;
		};
/* End PBXSourcesBuildPhase section */

/* Begin PBXVariantGroup section */
		3B2D788B1CDAA59900AD45BA /* Main.storyboard */ = {
			isa = PBXVariantGroup;
			children = (
				3B2D788C1CDAA59900AD45BA /* Base */,
			);
			name = Main.storyboard;
			sourceTree = "<group>";
		};
		3B2D78901CDAA59900AD45BA /* LaunchScreen.storyboard */ = {
			isa = PBXVariantGroup;
			children = (
				3B2D78911CDAA59900AD45BA /* Base */,
			);
			name = LaunchScreen.storyboard;
			sourceTree = "<group>";
		};
/* End PBXVariantGroup section */

/* Begin XCBuildConfiguration section */
		3B2D78941CDAA59900AD45BA /* Debug */ = {
			isa = XCBuildConfiguration;
			buildSettings = {
				ALWAYS_SEARCH_USER_PATHS = NO;
				CLANG_ANALYZER_NONNULL = YES;
				CLANG_CXX_LANGUAGE_STANDARD = "gnu++0x";
				CLANG_CXX_LIBRARY = "libc++";
				CLANG_ENABLE_MODULES = YES;
				CLANG_ENABLE_OBJC_ARC = YES;
				CLANG_WARN_BOOL_CONVERSION = YES;
				CLANG_WARN_CONSTANT_CONVERSION = YES;
				CLANG_WARN_DIRECT_OBJC_ISA_USAGE = YES_ERROR;
				CLANG_WARN_EMPTY_BODY = YES;
				CLANG_WARN_ENUM_CONVERSION = YES;
				CLANG_WARN_INT_CONVERSION = YES;
				CLANG_WARN_OBJC_ROOT_CLASS = YES_ERROR;
				CLANG_WARN_UNREACHABLE_CODE = YES;
				CLANG_WARN__DUPLICATE_METHOD_MATCH = YES;
				"CODE_SIGN_IDENTITY[sdk=iphoneos*]" = "iPhone Developer";
				COPY_PHASE_STRIP = NO;
				DEBUG_INFORMATION_FORMAT = dwarf;
				ENABLE_STRICT_OBJC_MSGSEND = YES;
				ENABLE_TESTABILITY = YES;
				GCC_C_LANGUAGE_STANDARD = gnu99;
				GCC_DYNAMIC_NO_PIC = NO;
				GCC_NO_COMMON_BLOCKS = YES;
				GCC_OPTIMIZATION_LEVEL = 0;
				GCC_PREPROCESSOR_DEFINITIONS = (
					"DEBUG=1",
					"$(inherited)",
				);
				GCC_WARN_64_TO_32_BIT_CONVERSION = YES;
				GCC_WARN_ABOUT_RETURN_TYPE = YES_ERROR;
				GCC_WARN_UNDECLARED_SELECTOR = YES;
				GCC_WARN_UNINITIALIZED_AUTOS = YES_AGGRESSIVE;
				GCC_WARN_UNUSED_FUNCTION = YES;
				GCC_WARN_UNUSED_VARIABLE = YES;
				IPHONEOS_DEPLOYMENT_TARGET = 9.3;
				MTL_ENABLE_DEBUG_INFO = YES;
				ONLY_ACTIVE_ARCH = YES;
				SDKROOT = iphoneos;
				SWIFT_OPTIMIZATION_LEVEL = "-Onone";
				TARGETED_DEVICE_FAMILY = "1,2";
			};
			name = Debug;
		};
		3B2D78951CDAA59900AD45BA /* Release */ = {
			isa = XCBuildConfiguration;
			buildSettings = {
				ALWAYS_SEARCH_USER_PATHS = NO;
				CLANG_ANALYZER_NONNULL = YES;
				CLANG_CXX_LANGUAGE_STANDARD = "gnu++0x";
				CLANG_CXX_LIBRARY = "libc++";
				CLANG_ENABLE_MODULES = YES;
				CLANG_ENABLE_OBJC_ARC = YES;
				CLANG_WARN_BOOL_CONVERSION = YES;
				CLANG_WARN_CONSTANT_CONVERSION = YES;
				CLANG_WARN_DIRECT_OBJC_ISA_USAGE = YES_ERROR;
				CLANG_WARN_EMPTY_BODY = YES;
				CLANG_WARN_ENUM_CONVERSION = YES;
				CLANG_WARN_INT_CONVERSION = YES;
				CLANG_WARN_OBJC_ROOT_CLASS = YES_ERROR;
				CLANG_WARN_UNREACHABLE_CODE = YES;
				CLANG_WARN__DUPLICATE_METHOD_MATCH = YES;
				"CODE_SIGN_IDENTITY[sdk=iphoneos*]" = "iPhone Developer";
				COPY_PHASE_STRIP = NO;
				DEBUG_INFORMATION_FORMAT = "dwarf-with-dsym";
				ENABLE_NS_ASSERTIONS = NO;
				ENABLE_STRICT_OBJC_MSGSEND = YES;
				GCC_C_LANGUAGE_STANDARD = gnu99;
				GCC_NO_COMMON_BLOCKS = YES;
				GCC_WARN_64_TO_32_BIT_CONVERSION = YES;
				GCC_WARN_ABOUT_RETURN_TYPE = YES_ERROR;
				GCC_WARN_UNDECLARED_SELECTOR = YES;
				GCC_WARN_UNINITIALIZED_AUTOS = YES_AGGRESSIVE;
				GCC_WARN_UNUSED_FUNCTION = YES;
				GCC_WARN_UNUSED_VARIABLE = YES;
				IPHONEOS_DEPLOYMENT_TARGET = 9.3;
				MTL_ENABLE_DEBUG_INFO = NO;
				SDKROOT = iphoneos;
				TARGETED_DEVICE_FAMILY = "1,2";
				VALIDATE_PRODUCT = YES;
			};
			name = Release;
		};
		3B2D78971CDAA59900AD45BA /* Debug */ = {
			isa = XCBuildConfiguration;
			buildSettings = {
				ASSETCATALOG_COMPILER_APPICON_NAME = AppIcon;
				INFOPLIST_FILE = pocketmon/Info.plist;
				LD_RUNPATH_SEARCH_PATHS = "$(inherited) @executable_path/Frameworks";
				PRODUCT_BUNDLE_IDENTIFIER = kr.shark.pocketmon;
				PRODUCT_NAME = "$(TARGET_NAME)";
			};
			name = Debug;
		};
		3B2D78981CDAA59900AD45BA /* Release */ = {
			isa = XCBuildConfiguration;
			buildSettings = {
				ASSETCATALOG_COMPILER_APPICON_NAME = AppIcon;
				INFOPLIST_FILE = pocketmon/Info.plist;
				LD_RUNPATH_SEARCH_PATHS = "$(inherited) @executable_path/Frameworks";
				PRODUCT_BUNDLE_IDENTIFIER = kr.shark.pocketmon;
				PRODUCT_NAME = "$(TARGET_NAME)";
			};
			name = Release;
		};
/* End XCBuildConfiguration section */

/* Begin XCConfigurationList section */
		3B2D787F1CDAA59900AD45BA /* Build configuration list for PBXProject "pocketmon" */ = {
			isa = XCConfigurationList;
			buildConfigurations = (
				3B2D78941CDAA59900AD45BA /* Debug */,
				3B2D78951CDAA59900AD45BA /* Release */,
			);
			defaultConfigurationIsVisible = 0;
			defaultConfigurationName = Release;
		};
		3B2D78961CDAA59900AD45BA /* Build configuration list for PBXNativeTarget "pocketmon" */ = {
			isa = XCConfigurationList;
			buildConfigurations = (
				3B2D78971CDAA59900AD45BA /* Debug */,
				3B2D78981CDAA59900AD45BA /* Release */,
			);
			defaultConfigurationIsVisible = 0;
			defaultConfigurationName = Release;
		};
/* End XCConfigurationList section */
	};
	rootObject = 3B2D787C1CDAA59900AD45BA /* Project object */;
}
